{
  "nodes": {
    "blade-treesitter": {
      "flake": false,
      "locked": {
        "lastModified": 1733746012,
        "narHash": "sha256-N3QUylMqhX5aZGyIx1zfMe4xZRAwwE7e4MyhOiawCXw=",
        "owner": "EmranMR",
        "repo": "tree-sitter-blade",
        "rev": "47baa7ba1f9d5f436c7a72b052d2dac2166abf92",
        "type": "github"
      },
      "original": {
        "owner": "EmranMR",
        "repo": "tree-sitter-blade",
        "type": "github"
      }
    },
    "nixCats": {
      "locked": {
        "lastModified": 1738991100,
        "narHash": "sha256-smTBsgrpagQrPWnOSq4wcz1Q1UJ4denBNPmBAJN2Ol4=",
        "owner": "BirdeeHub",
        "repo": "nixCats-nvim",
        "rev": "54e2cc42dbefb9e152d9584794f5d8d94a20a534",
        "type": "github"
      },
      "original": {
        "owner": "BirdeeHub",
        "repo": "nixCats-nvim",
        "type": "github"
      }
    },
    "nixpkgs": {
      "locked": {
        "lastModified": 1739863612,
        "narHash": "sha256-UbtgxplOhFcyjBcNbTVO8+HUHAl/WXFDOb6LvqShiZo=",
        "owner": "nixos",
        "repo": "nixpkgs",
        "rev": "632f04521e847173c54fa72973ec6c39a371211c",
        "type": "github"
      },
      "original": {
        "owner": "nixos",
        "ref": "nixpkgs-unstable",
        "repo": "nixpkgs",
        "type": "github"
      }
    },
    "plugins-laravel.nvim": {
      "flake": false,
      "locked": {
        "lastModified": 1740251072,
        "narHash": "sha256-tK4W60kqR6HfA8fVQJQd3SHkB9jyDNaeTn4eNVbmRSc=",
        "owner": "adalessa",
        "repo": "laravel.nvim",
        "rev": "2aef93890ca7853ddf550e11b4a60741a2eab1a1",
        "type": "github"
      },
      "original": {
        "owner": "adalessa",
        "repo": "laravel.nvim",
        "type": "github"
      }
    },
    "plugins-snacks.nvim": {
      "flake": false,
      "locked": {
        "lastModified": 1740049083,
        "narHash": "sha256-JB85ep6QUNeEzsyhPg/PuJXmoR2XzG23n2lbEjUP0PM=",
        "owner": "folke",
        "repo": "snacks.nvim",
        "rev": "a4e2c3e4fc54af78c7d351fe84399305119f59fa",
        "type": "github"
      },
      "original": {
        "owner": "folke",
        "repo": "snacks.nvim",
        "type": "github"
      }
    },
    "plugins-vague.nvim": {
      "flake": false,
      "locked": {
        "lastModified": 1740504174,
        "narHash": "sha256-dDtYkRNK4BtWbYtoVDjsvDBmWCVhJ/+qoDt+mJmEKIQ=",
        "owner": "vague2k",
        "repo": "vague.nvim",
        "rev": "5a36db645d02ea4c9ffe43093aafce6b6addc72f",
        "type": "github"
      },
      "original": {
        "owner": "vague2k",
        "repo": "vague.nvim",
        "type": "github"
      }
    },
    "root": {
      "inputs": {
        "blade-treesitter": "blade-treesitter",
        "nixCats": "nixCats",
        "nixpkgs": "nixpkgs",
        "plugins-laravel.nvim": "plugins-laravel.nvim",
        "plugins-snacks.nvim": "plugins-snacks.nvim",
        "plugins-vague.nvim": "plugins-vague.nvim"
      }
    }
  },
  "root": "root",
  "version": 7
}
